
Microsoft Visual Studio Solution File, Format Version 12.00
# Visual Studio 15
VisualStudioVersion = 15.0.28307.572
MinimumVisualStudioVersion = 10.0.40219.1
Project("{FAE04EC0-301F-11D3-BF4B-00C04F79EFBC}") = "LostPeople", "LostPeople\LostPeople.csproj", "{DF71584A-9E0B-4A77-B48A-69F283A74016}"
EndProject
Project("{FAE04EC0-301F-11D3-BF4B-00C04F79EFBC}") = "LostPeople.DataServices", "LostPeople.DataServices\LostPeople.DataServices.csproj", "{A4C2C2A2-19FE-42AB-B4E7-91637B0DB7B2}"
	ProjectSection(ProjectDependencies) = postProject
		{9B5D2154-2325-4961-A634-D2373783E936} = {9B5D2154-2325-4961-A634-D2373783E936}
	EndProjectSection
EndProject
Project("{FAE04EC0-301F-11D3-BF4B-00C04F79EFBC}") = "LostPeople.DataAccess", "LostPeople.DataAccess\LostPeople.DataAccess.csproj", "{980367AA-FFBF-4F7F-B3B5-7F7A0FEB1B44}"
EndProject
Project("{FAE04EC0-301F-11D3-BF4B-00C04F79EFBC}") = "LostPeople.JsonSerializer", "JsonSerializer\JsonSerializer\LostPeople.JsonSerializer.csproj", "{9B5D2154-2325-4961-A634-D2373783E936}"
EndProject
Global
	GlobalSection(SolutionConfigurationPlatforms) = preSolution
		Debug|Any CPU = Debug|Any CPU
		Release|Any CPU = Release|Any CPU
	EndGlobalSection
	GlobalSection(ProjectConfigurationPlatforms) = postSolution
		{DF71584A-9E0B-4A77-B48A-69F283A74016}.Debug|Any CPU.ActiveCfg = Debug|Any CPU
		{DF71584A-9E0B-4A77-B48A-69F283A74016}.Debug|Any CPU.Build.0 = Debug|Any CPU
		{DF71584A-9E0B-4A77-B48A-69F283A74016}.Release|Any CPU.ActiveCfg = Debug|Any CPU
		{DF71584A-9E0B-4A77-B48A-69F283A74016}.Release|Any CPU.Build.0 = Debug|Any CPU
		{A4C2C2A2-19FE-42AB-B4E7-91637B0DB7B2}.Debug|Any CPU.ActiveCfg = Debug|Any CPU
		{A4C2C2A2-19FE-42AB-B4E7-91637B0DB7B2}.Debug|Any CPU.Build.0 = Debug|Any CPU
		{A4C2C2A2-19FE-42AB-B4E7-91637B0DB7B2}.Release|Any CPU.ActiveCfg = Debug|Any CPU
		{A4C2C2A2-19FE-42AB-B4E7-91637B0DB7B2}.Release|Any CPU.Build.0 = Debug|Any CPU
		{980367AA-FFBF-4F7F-B3B5-7F7A0FEB1B44}.Debug|Any CPU.ActiveCfg = Debug|Any CPU
		{980367AA-FFBF-4F7F-B3B5-7F7A0FEB1B44}.Debug|Any CPU.Build.0 = Debug|Any CPU
		{980367AA-FFBF-4F7F-B3B5-7F7A0FEB1B44}.Release|Any CPU.ActiveCfg = Release|Any CPU
		{980367AA-FFBF-4F7F-B3B5-7F7A0FEB1B44}.Release|Any CPU.Build.0 = Release|Any CPU
		{9B5D2154-2325-4961-A634-D2373783E936}.Debug|Any CPU.ActiveCfg = Debug|Any CPU
		{9B5D2154-2325-4961-A634-D2373783E936}.Debug|Any CPU.Build.0 = Debug|Any CPU
		{9B5D2154-2325-4961-A634-D2373783E936}.Release|Any CPU.ActiveCfg = Release|Any CPU
		{9B5D2154-2325-4961-A634-D2373783E936}.Release|Any CPU.Build.0 = Release|Any CPU
	EndGlobalSection
	GlobalSection(SolutionProperties) = preSolution
		HideSolutionNode = FALSE
	EndGlobalSection
	GlobalSection(ExtensibilityGlobals) = postSolution
		SolutionGuid = {F7252B37-B542-4D63-B3FE-86839F486773}
	EndGlobalSection
EndGlobal
